
Microsoft Visual Studio Solution File, Format Version 12.00
# Visual Studio Version 16
VisualStudioVersion = 16.0.32106.194
MinimumVisualStudioVersion = 10.0.40219.1
Project("{FAE04EC0-301F-11D3-BF4B-00C04F79EFBC}") = "Ex01_01", "Ex01_01\Ex01_01.csproj", "{2DEDA9CC-33F5-4920-A1DE-3B05ED7EB554}"
EndProject
Project("{FAE04EC0-301F-11D3-BF4B-00C04F79EFBC}") = "Ex01_04", "Ex01_04\Ex01_04.csproj", "{A87B3F05-8562-4340-B8FC-A894BE4DC83F}"
EndProject
Project("{FAE04EC0-301F-11D3-BF4B-00C04F79EFBC}") = "Ex01_02", "Ex01_02\Ex01_02.csproj", "{DEF0068E-7C43-4145-B195-F1EDF405734C}"
EndProject
Project("{FAE04EC0-301F-11D3-BF4B-00C04F79EFBC}") = "Ex01_03", "Ex01_03\Ex01_03.csproj", "{651F8804-9452-436F-B3DA-BE42D4EDDFE8}"
EndProject
Project("{FAE04EC0-301F-11D3-BF4B-00C04F79EFBC}") = "Ex01_05", "Ex01_05\Ex01_05.csproj", "{7F2AF314-C39E-43E6-8386-102F74219682}"
EndProject
Global
	GlobalSection(SolutionConfigurationPlatforms) = preSolution
		Debug|Any CPU = Debug|Any CPU
		Release|Any CPU = Release|Any CPU
	EndGlobalSection
	GlobalSection(ProjectConfigurationPlatforms) = postSolution
		{2DEDA9CC-33F5-4920-A1DE-3B05ED7EB554}.Debug|Any CPU.ActiveCfg = Debug|Any CPU
		{2DEDA9CC-33F5-4920-A1DE-3B05ED7EB554}.Debug|Any CPU.Build.0 = Debug|Any CPU
		{2DEDA9CC-33F5-4920-A1DE-3B05ED7EB554}.Release|Any CPU.ActiveCfg = Release|Any CPU
		{2DEDA9CC-33F5-4920-A1DE-3B05ED7EB554}.Release|Any CPU.Build.0 = Release|Any CPU
		{A87B3F05-8562-4340-B8FC-A894BE4DC83F}.Debug|Any CPU.ActiveCfg = Debug|Any CPU
		{A87B3F05-8562-4340-B8FC-A894BE4DC83F}.Debug|Any CPU.Build.0 = Debug|Any CPU
		{A87B3F05-8562-4340-B8FC-A894BE4DC83F}.Release|Any CPU.ActiveCfg = Release|Any CPU
		{A87B3F05-8562-4340-B8FC-A894BE4DC83F}.Release|Any CPU.Build.0 = Release|Any CPU
		{DEF0068E-7C43-4145-B195-F1EDF405734C}.Debug|Any CPU.ActiveCfg = Debug|Any CPU
		{DEF0068E-7C43-4145-B195-F1EDF405734C}.Debug|Any CPU.Build.0 = Debug|Any CPU
		{DEF0068E-7C43-4145-B195-F1EDF405734C}.Release|Any CPU.ActiveCfg = Release|Any CPU
		{DEF0068E-7C43-4145-B195-F1EDF405734C}.Release|Any CPU.Build.0 = Release|Any CPU
		{7F2AF314-C39E-43E6-8386-102F74219682}.Debug|Any CPU.ActiveCfg = Debug|Any CPU
		{7F2AF314-C39E-43E6-8386-102F74219682}.Debug|Any CPU.Build.0 = Debug|Any CPU
		{7F2AF314-C39E-43E6-8386-102F74219682}.Release|Any CPU.ActiveCfg = Release|Any CPU
		{7F2AF314-C39E-43E6-8386-102F74219682}.Release|Any CPU.Build.0 = Release|Any CPU
		{651F8804-9452-436F-B3DA-BE42D4EDDFE8}.Debug|Any CPU.ActiveCfg = Debug|Any CPU
		{651F8804-9452-436F-B3DA-BE42D4EDDFE8}.Debug|Any CPU.Build.0 = Debug|Any CPU
		{651F8804-9452-436F-B3DA-BE42D4EDDFE8}.Release|Any CPU.ActiveCfg = Release|Any CPU
		{651F8804-9452-436F-B3DA-BE42D4EDDFE8}.Release|Any CPU.Build.0 = Release|Any CPU
	EndGlobalSection
	GlobalSection(SolutionProperties) = preSolution
		HideSolutionNode = FALSE
	EndGlobalSection
	GlobalSection(ExtensibilityGlobals) = postSolution
		SolutionGuid = {8DBD9367-51FD-4E3B-9AE3-AE700AF75957}
	EndGlobalSection
EndGlobal
