
Microsoft Visual Studio Solution File, Format Version 12.00
# Visual Studio Version 16
VisualStudioVersion = 16.0.32106.194
MinimumVisualStudioVersion = 10.0.40219.1
Project("{FAE04EC0-301F-11D3-BF4B-00C04F79EFBC}") = "Ex01_01", "Ex01_01\Ex01_01.csproj", "{2DEDA9CC-33F5-4920-A1DE-3B05ED7EB554}"
EndProject
Global
	GlobalSection(SolutionConfigurationPlatforms) = preSolution
		Debug|Any CPU = Debug|Any CPU
		Release|Any CPU = Release|Any CPU
	EndGlobalSection
	GlobalSection(ProjectConfigurationPlatforms) = postSolution
		{2DEDA9CC-33F5-4920-A1DE-3B05ED7EB554}.Debug|Any CPU.ActiveCfg = Debug|Any CPU
		{2DEDA9CC-33F5-4920-A1DE-3B05ED7EB554}.Debug|Any CPU.Build.0 = Debug|Any CPU
		{2DEDA9CC-33F5-4920-A1DE-3B05ED7EB554}.Release|Any CPU.ActiveCfg = Release|Any CPU
		{2DEDA9CC-33F5-4920-A1DE-3B05ED7EB554}.Release|Any CPU.Build.0 = Release|Any CPU
	EndGlobalSection
	GlobalSection(SolutionProperties) = preSolution
		HideSolutionNode = FALSE
	EndGlobalSection
	GlobalSection(ExtensibilityGlobals) = postSolution
		SolutionGuid = {8DBD9367-51FD-4E3B-9AE3-AE700AF75957}
	EndGlobalSection
EndGlobal
